
Microsoft Visual Studio Solution File, Format Version 12.00
# Visual Studio Version 16
VisualStudioVersion = 16.0.30114.105
MinimumVisualStudioVersion = 10.0.40219.1
Project("{8BC9CEB8-8B4A-11D0-8D11-00A0C91BC942}") = "test", "test.vcxproj", "{08D901E6-3F7F-4B4D-988B-A80A07CEA1F4}"
EndProject
Global
	GlobalSection(SolutionConfigurationPlatforms) = preSolution
		Debug|x64 = Debug|x64
		Debug|x86 = Debug|x86
		Release|x64 = Release|x64
		Release|x86 = Release|x86
	EndGlobalSection
	GlobalSection(ProjectConfigurationPlatforms) = postSolution
		{08D901E6-3F7F-4B4D-988B-A80A07CEA1F4}.Debug|x64.ActiveCfg = Debug|x64
		{08D901E6-3F7F-4B4D-988B-A80A07CEA1F4}.Debug|x64.Build.0 = Debug|x64
		{08D901E6-3F7F-4B4D-988B-A80A07CEA1F4}.Debug|x86.ActiveCfg = Debug|Win32
		{08D901E6-3F7F-4B4D-988B-A80A07CEA1F4}.Debug|x86.Build.0 = Debug|Win32
		{08D901E6-3F7F-4B4D-988B-A80A07CEA1F4}.Release|x64.ActiveCfg = Release|x64
		{08D901E6-3F7F-4B4D-988B-A80A07CEA1F4}.Release|x64.Build.0 = Release|x64
		{08D901E6-3F7F-4B4D-988B-A80A07CEA1F4}.Release|x86.ActiveCfg = Release|Win32
		{08D901E6-3F7F-4B4D-988B-A80A07CEA1F4}.Release|x86.Build.0 = Release|Win32
	EndGlobalSection
	GlobalSection(SolutionProperties) = preSolution
		HideSolutionNode = FALSE
	EndGlobalSection
	GlobalSection(ExtensibilityGlobals) = postSolution
		SolutionGuid = {CB61E3B0-030E-4E65-B847-48FD2F8A1E63}
	EndGlobalSection
EndGlobal
